
Microsoft Visual Studio Solution File, Format Version 12.00
# Visual Studio 15
VisualStudioVersion = 15.0.28307.1209
MinimumVisualStudioVersion = 10.0.40219.1
Project("{FAE04EC0-301F-11D3-BF4B-00C04F79EFBC}") = "ExemploMigrations", "ExemploMigrations\ExemploMigrations.csproj", "{7C25F1C7-9CEC-469E-B53E-643D0AE196AE}"
EndProject
Global
	GlobalSection(SolutionConfigurationPlatforms) = preSolution
		Debug|Any CPU = Debug|Any CPU
		Release|Any CPU = Release|Any CPU
	EndGlobalSection
	GlobalSection(ProjectConfigurationPlatforms) = postSolution
		{7C25F1C7-9CEC-469E-B53E-643D0AE196AE}.Debug|Any CPU.ActiveCfg = Debug|Any CPU
		{7C25F1C7-9CEC-469E-B53E-643D0AE196AE}.Debug|Any CPU.Build.0 = Debug|Any CPU
		{7C25F1C7-9CEC-469E-B53E-643D0AE196AE}.Release|Any CPU.ActiveCfg = Release|Any CPU
		{7C25F1C7-9CEC-469E-B53E-643D0AE196AE}.Release|Any CPU.Build.0 = Release|Any CPU
	EndGlobalSection
	GlobalSection(SolutionProperties) = preSolution
		HideSolutionNode = FALSE
	EndGlobalSection
	GlobalSection(ExtensibilityGlobals) = postSolution
		SolutionGuid = {69659C6F-97C3-4B1E-8D28-B9D24A79F51A}
	EndGlobalSection
EndGlobal
